
Microsoft Visual Studio Solution File, Format Version 12.00
# Visual Studio 15
VisualStudioVersion = 15.0.28307.1022
MinimumVisualStudioVersion = 10.0.40219.1
Project("{FAE04EC0-301F-11D3-BF4B-00C04F79EFBC}") = "WebApplication1", "WebApplication1\WebApplication1.csproj", "{0B1A1E2F-F8B5-4588-9CCE-588DE078A957}"
EndProject
Global
	GlobalSection(SolutionConfigurationPlatforms) = preSolution
		Debug|Any CPU = Debug|Any CPU
		Release|Any CPU = Release|Any CPU
	EndGlobalSection
	GlobalSection(ProjectConfigurationPlatforms) = postSolution
		{0B1A1E2F-F8B5-4588-9CCE-588DE078A957}.Debug|Any CPU.ActiveCfg = Debug|Any CPU
		{0B1A1E2F-F8B5-4588-9CCE-588DE078A957}.Debug|Any CPU.Build.0 = Debug|Any CPU
		{0B1A1E2F-F8B5-4588-9CCE-588DE078A957}.Release|Any CPU.ActiveCfg = Release|Any CPU
		{0B1A1E2F-F8B5-4588-9CCE-588DE078A957}.Release|Any CPU.Build.0 = Release|Any CPU
	EndGlobalSection
	GlobalSection(SolutionProperties) = preSolution
		HideSolutionNode = FALSE
	EndGlobalSection
	GlobalSection(ExtensibilityGlobals) = postSolution
		SolutionGuid = {58BAABBC-5837-4510-9FBC-823D4D153D4E}
	EndGlobalSection
EndGlobal
